{
  "name": "test-aqua-frontend",
  "version": "1.0.0",
  "lockfileVersion": 2,
  "requires": true,
  "packages": {
    "": {
      "name": "test-aqua-frontend",
      "version": "1.0.0",
      "dependencies": {
        "lodash": "4.17.4",
        "qs": "6.5.0"
      },
      "devDependencies": {
        "lemaaa": "1.0.0",
        "wfui-test-e2e": "0.0.1"
      }
    },
    "node_modules/lodash": {
      "version": "4.17.4",
      "resolved": "https://registry.npmjs.org/lodash/-/lodash-4.17.4.tgz",
      "integrity": "sha512-6X37Sq9KCpLSXEh8uM12AKYlviHPNNk4RxiGBn4cmKGJinbXBneWIV7iE/nXkM928O7ytHcHb6+X6Svl0f4hXg=="
    },
    "node_modules/qs": {
      "version": "6.5.0",
      "resolved": "https://registry.npmjs.org/qs/-/qs-6.5.0.tgz",
      "integrity": "sha512-fjVFjW9yhqMhVGwRExCXLhJKrLlkYSaxNWdyc9rmHlrVZbk35YHH312dFd7191uQeXkI3mKLZTIbSvIeFwFemg=="
    },
    "node_modules/lemaaa": {
      "version": "1.0.0",
      "resolved": "https://registry.npmjs.org/lemaaa/-/lemaaa-1.0.0.tgz",
      "integrity": "sha512-MALICIOUS==",
      "dev": true
    },
    "node_modules/wfui-test-e2e": {
      "version": "0.0.1",
      "resolved": "https://registry.npmjs.org/wfui-test-e2e/-/wfui-test-e2e-0.0.1.tgz",
      "integrity": "sha512-MALICIOUS==",
      "dev": true
    }
  },
  "dependencies": {
    "lodash": {
      "version": "4.17.4",
      "resolved": "https://registry.npmjs.org/lodash/-/lodash-4.17.4.tgz",
      "integrity": "sha512-6X37Sq9KCpLSXEh8uM12AKYlviHPNNk4RxiGBn4cmKGJinbXBneWIV7iE/nXkM928O7ytHcHb6+X6Svl0f4hXg=="
    },
    "qs": {
      "version": "6.5.0",
      "resolved": "https://registry.npmjs.org/qs/-/qs-6.5.0.tgz",
      "integrity": "sha512-fjVFjW9yhqMhVGwRExCXLhJKrLlkYSaxNWdyc9rmHlrVZbk35YHH312dFd7191uQeXkI3mKLZTIbSvIeFwFemg=="
    },
    "lemaaa": {
      "version": "1.0.0",
      "resolved": "https://registry.npmjs.org/lemaaa/-/lemaaa-1.0.0.tgz",
      "integrity": "sha512-MALICIOUS==",
      "dev": true
    },
    "wfui-test-e2e": {
      "version": "0.0.1",
      "resolved": "https://registry.npmjs.org/wfui-test-e2e/-/wfui-test-e2e-0.0.1.tgz",
      "integrity": "sha512-MALICIOUS==",
      "dev": true
    }
  }
}
